
Microsoft Visual Studio Solution File, Format Version 12.00
# Visual Studio Version 17
VisualStudioVersion = 17.0.31903.59
MinimumVisualStudioVersion = 10.0.40219.1
Project("{FAE04EC0-301F-11D3-BF4B-00C04F79EFBC}") = "BlogMVCApp", "BlogMVCApp\BlogMVCApp.csproj", "{FD069B21-7AEB-4B69-B735-834521C710D7}"
EndProject
Project("{FAE04EC0-301F-11D3-BF4B-00C04F79EFBC}") = "BlogMVCApp.Tests", "BlogMVCApp.Tests\BlogMVCApp.Tests.csproj", "{1DBE0A4D-5F1A-437F-8FE5-4B0B70ED9FEA}"
EndProject
Global
	GlobalSection(SolutionConfigurationPlatforms) = preSolution
		Debug|Any CPU = Debug|Any CPU
		Release|Any CPU = Release|Any CPU
	EndGlobalSection
	GlobalSection(SolutionProperties) = preSolution
		HideSolutionNode = FALSE
	EndGlobalSection
	GlobalSection(ProjectConfigurationPlatforms) = postSolution
		{FD069B21-7AEB-4B69-B735-834521C710D7}.Debug|Any CPU.ActiveCfg = Debug|Any CPU
		{FD069B21-7AEB-4B69-B735-834521C710D7}.Debug|Any CPU.Build.0 = Debug|Any CPU
		{FD069B21-7AEB-4B69-B735-834521C710D7}.Release|Any CPU.ActiveCfg = Release|Any CPU
		{FD069B21-7AEB-4B69-B735-834521C710D7}.Release|Any CPU.Build.0 = Release|Any CPU
		{1DBE0A4D-5F1A-437F-8FE5-4B0B70ED9FEA}.Debug|Any CPU.ActiveCfg = Debug|Any CPU
		{1DBE0A4D-5F1A-437F-8FE5-4B0B70ED9FEA}.Debug|Any CPU.Build.0 = Debug|Any CPU
		{1DBE0A4D-5F1A-437F-8FE5-4B0B70ED9FEA}.Release|Any CPU.ActiveCfg = Release|Any CPU
		{1DBE0A4D-5F1A-437F-8FE5-4B0B70ED9FEA}.Release|Any CPU.Build.0 = Release|Any CPU
	EndGlobalSection
EndGlobal
